
Microsoft Visual Studio Solution File, Format Version 12.00
# Visual Studio Version 17
VisualStudioVersion = 17.6.33815.320
MinimumVisualStudioVersion = 10.0.40219.1
Project("{FAE04EC0-301F-11D3-BF4B-00C04F79EFBC}") = "DesignPatternProject", "DesignPatternProject\DesignPatternProject.csproj", "{F41A2D69-4C6A-4868-B429-1C631F546760}"
EndProject
Global
	GlobalSection(SolutionConfigurationPlatforms) = preSolution
		Debug|Any CPU = Debug|Any CPU
		Release|Any CPU = Release|Any CPU
	EndGlobalSection
	GlobalSection(ProjectConfigurationPlatforms) = postSolution
		{F41A2D69-4C6A-4868-B429-1C631F546760}.Debug|Any CPU.ActiveCfg = Debug|Any CPU
		{F41A2D69-4C6A-4868-B429-1C631F546760}.Debug|Any CPU.Build.0 = Debug|Any CPU
		{F41A2D69-4C6A-4868-B429-1C631F546760}.Release|Any CPU.ActiveCfg = Release|Any CPU
		{F41A2D69-4C6A-4868-B429-1C631F546760}.Release|Any CPU.Build.0 = Release|Any CPU
	EndGlobalSection
	GlobalSection(SolutionProperties) = preSolution
		HideSolutionNode = FALSE
	EndGlobalSection
	GlobalSection(ExtensibilityGlobals) = postSolution
		SolutionGuid = {FD903B14-362D-43ED-9F71-9548D9DC1029}
	EndGlobalSection
EndGlobal
